
Microsoft Visual Studio Solution File, Format Version 12.00
# Visual Studio Version 17
VisualStudioVersion = 17.4.33103.184
MinimumVisualStudioVersion = 10.0.40219.1
Project("{FAE04EC0-301F-11D3-BF4B-00C04F79EFBC}") = "CleanCode14", "CleanCode14\CleanCode14.csproj", "{365B83B7-4E5C-42EA-B0C2-D5F42368E922}"
EndProject
Global
	GlobalSection(SolutionConfigurationPlatforms) = preSolution
		Debug|Any CPU = Debug|Any CPU
		Release|Any CPU = Release|Any CPU
	EndGlobalSection
	GlobalSection(ProjectConfigurationPlatforms) = postSolution
		{365B83B7-4E5C-42EA-B0C2-D5F42368E922}.Debug|Any CPU.ActiveCfg = Debug|Any CPU
		{365B83B7-4E5C-42EA-B0C2-D5F42368E922}.Debug|Any CPU.Build.0 = Debug|Any CPU
		{365B83B7-4E5C-42EA-B0C2-D5F42368E922}.Release|Any CPU.ActiveCfg = Release|Any CPU
		{365B83B7-4E5C-42EA-B0C2-D5F42368E922}.Release|Any CPU.Build.0 = Release|Any CPU
	EndGlobalSection
	GlobalSection(SolutionProperties) = preSolution
		HideSolutionNode = FALSE
	EndGlobalSection
	GlobalSection(ExtensibilityGlobals) = postSolution
		SolutionGuid = {7C944EE0-FD3E-488C-9946-28842AF35617}
	EndGlobalSection
EndGlobal
